
Microsoft Visual Studio Solution File, Format Version 12.00
Project("{FAE04EC0-301F-11D3-BF4B-00C04F79EFBC}") = "FamilyBudget.Api", "FamilyBudget.Api\FamilyBudget.Api.csproj", "{0F2CB0BE-8B90-4392-9AE2-61C04CDE5CB5}"
EndProject
Project("{FAE04EC0-301F-11D3-BF4B-00C04F79EFBC}") = "FamilyBudget.Common", "FamilyBudget.Common\FamilyBudget.Common.csproj", "{3174FCD9-6BA2-4878-9E85-8D08A4CD2000}"
EndProject
Project("{FAE04EC0-301F-11D3-BF4B-00C04F79EFBC}") = "FamilyBudget.Data", "FamilyBudget.Data\FamilyBudget.Data.csproj", "{6EB7ECC6-DD64-4A63-B124-300F90E627D0}"
EndProject
Project("{FAE04EC0-301F-11D3-BF4B-00C04F79EFBC}") = "FamilyBudget.Migrations", "FamilyBudget.Migrations\FamilyBudget.Migrations.csproj", "{FAF0CEC5-7EA4-41D8-8C0C-B4DC277D6A38}"
EndProject
Project("{2150E333-8FDC-42A3-9474-1A3956D46DE8}") = "Unit Tests", "Unit Tests", "{90EA5394-8A68-4DC8-8656-CBBEF973D2F9}"
EndProject
Project("{FAE04EC0-301F-11D3-BF4B-00C04F79EFBC}") = "FamilyBudget.Api.Tests", "FamilyBudget.Api.Tests\FamilyBudget.Api.Tests.csproj", "{657D3127-0841-4EA3-9469-61FC07AFECF4}"
EndProject
Project("{FAE04EC0-301F-11D3-BF4B-00C04F79EFBC}") = "FamilyBudget.Tests.Common", "FamilyBudget.Tests.Common\FamilyBudget.Tests.Common.csproj", "{AC40195B-D044-4C06-8267-EA5F7AC03A8A}"
EndProject
Global
	GlobalSection(SolutionConfigurationPlatforms) = preSolution
		Debug|Any CPU = Debug|Any CPU
		Release|Any CPU = Release|Any CPU
	EndGlobalSection
	GlobalSection(ProjectConfigurationPlatforms) = postSolution
		{0F2CB0BE-8B90-4392-9AE2-61C04CDE5CB5}.Debug|Any CPU.ActiveCfg = Debug|Any CPU
		{0F2CB0BE-8B90-4392-9AE2-61C04CDE5CB5}.Debug|Any CPU.Build.0 = Debug|Any CPU
		{0F2CB0BE-8B90-4392-9AE2-61C04CDE5CB5}.Release|Any CPU.ActiveCfg = Release|Any CPU
		{0F2CB0BE-8B90-4392-9AE2-61C04CDE5CB5}.Release|Any CPU.Build.0 = Release|Any CPU
		{3174FCD9-6BA2-4878-9E85-8D08A4CD2000}.Debug|Any CPU.ActiveCfg = Debug|Any CPU
		{3174FCD9-6BA2-4878-9E85-8D08A4CD2000}.Debug|Any CPU.Build.0 = Debug|Any CPU
		{3174FCD9-6BA2-4878-9E85-8D08A4CD2000}.Release|Any CPU.ActiveCfg = Release|Any CPU
		{3174FCD9-6BA2-4878-9E85-8D08A4CD2000}.Release|Any CPU.Build.0 = Release|Any CPU
		{6EB7ECC6-DD64-4A63-B124-300F90E627D0}.Debug|Any CPU.ActiveCfg = Debug|Any CPU
		{6EB7ECC6-DD64-4A63-B124-300F90E627D0}.Debug|Any CPU.Build.0 = Debug|Any CPU
		{6EB7ECC6-DD64-4A63-B124-300F90E627D0}.Release|Any CPU.ActiveCfg = Release|Any CPU
		{6EB7ECC6-DD64-4A63-B124-300F90E627D0}.Release|Any CPU.Build.0 = Release|Any CPU
		{FAF0CEC5-7EA4-41D8-8C0C-B4DC277D6A38}.Debug|Any CPU.ActiveCfg = Debug|Any CPU
		{FAF0CEC5-7EA4-41D8-8C0C-B4DC277D6A38}.Debug|Any CPU.Build.0 = Debug|Any CPU
		{FAF0CEC5-7EA4-41D8-8C0C-B4DC277D6A38}.Release|Any CPU.ActiveCfg = Release|Any CPU
		{FAF0CEC5-7EA4-41D8-8C0C-B4DC277D6A38}.Release|Any CPU.Build.0 = Release|Any CPU
		{657D3127-0841-4EA3-9469-61FC07AFECF4}.Debug|Any CPU.ActiveCfg = Debug|Any CPU
		{657D3127-0841-4EA3-9469-61FC07AFECF4}.Debug|Any CPU.Build.0 = Debug|Any CPU
		{657D3127-0841-4EA3-9469-61FC07AFECF4}.Release|Any CPU.ActiveCfg = Release|Any CPU
		{657D3127-0841-4EA3-9469-61FC07AFECF4}.Release|Any CPU.Build.0 = Release|Any CPU
		{AC40195B-D044-4C06-8267-EA5F7AC03A8A}.Debug|Any CPU.ActiveCfg = Debug|Any CPU
		{AC40195B-D044-4C06-8267-EA5F7AC03A8A}.Debug|Any CPU.Build.0 = Debug|Any CPU
		{AC40195B-D044-4C06-8267-EA5F7AC03A8A}.Release|Any CPU.ActiveCfg = Release|Any CPU
		{AC40195B-D044-4C06-8267-EA5F7AC03A8A}.Release|Any CPU.Build.0 = Release|Any CPU
	EndGlobalSection
	GlobalSection(NestedProjects) = preSolution
		{657D3127-0841-4EA3-9469-61FC07AFECF4} = {90EA5394-8A68-4DC8-8656-CBBEF973D2F9}
		{AC40195B-D044-4C06-8267-EA5F7AC03A8A} = {90EA5394-8A68-4DC8-8656-CBBEF973D2F9}
	EndGlobalSection
EndGlobal
